
Microsoft Visual Studio Solution File, Format Version 12.00
# Visual Studio Version 16
VisualStudioVersion = 16.0.29001.49
MinimumVisualStudioVersion = 10.0.40219.1
Project("{FAE04EC0-301F-11D3-BF4B-00C04F79EFBC}") = "QueueSamples", "QueueSamples\QueueSamples.csproj", "{9E93B6C1-D693-47E5-A0A3-E0A386249A90}"
EndProject
Global
	GlobalSection(SolutionConfigurationPlatforms) = preSolution
		Debug|Any CPU = Debug|Any CPU
		Release|Any CPU = Release|Any CPU
	EndGlobalSection
	GlobalSection(ProjectConfigurationPlatforms) = postSolution
		{9E93B6C1-D693-47E5-A0A3-E0A386249A90}.Debug|Any CPU.ActiveCfg = Debug|Any CPU
		{9E93B6C1-D693-47E5-A0A3-E0A386249A90}.Debug|Any CPU.Build.0 = Debug|Any CPU
		{9E93B6C1-D693-47E5-A0A3-E0A386249A90}.Release|Any CPU.ActiveCfg = Release|Any CPU
		{9E93B6C1-D693-47E5-A0A3-E0A386249A90}.Release|Any CPU.Build.0 = Release|Any CPU
	EndGlobalSection
	GlobalSection(SolutionProperties) = preSolution
		HideSolutionNode = FALSE
	EndGlobalSection
	GlobalSection(ExtensibilityGlobals) = postSolution
		SolutionGuid = {7B871F4A-53AF-4213-9B85-457ABC4BBE62}
	EndGlobalSection
EndGlobal
